
Microsoft Visual Studio Solution File, Format Version 12.00
# Visual Studio Version 16
VisualStudioVersion = 16.0.32126.315
MinimumVisualStudioVersion = 10.0.40219.1
Project("{FAE04EC0-301F-11D3-BF4B-00C04F79EFBC}") = "College library management system", "College library management system.csproj", "{D6CE1580-CCD9-4075-A680-1D47E2FAFD3C}"
EndProject
Global
	GlobalSection(SolutionConfigurationPlatforms) = preSolution
		Debug|Any CPU = Debug|Any CPU
		Release|Any CPU = Release|Any CPU
	EndGlobalSection
	GlobalSection(ProjectConfigurationPlatforms) = postSolution
		{D6CE1580-CCD9-4075-A680-1D47E2FAFD3C}.Debug|Any CPU.ActiveCfg = Debug|Any CPU
		{D6CE1580-CCD9-4075-A680-1D47E2FAFD3C}.Debug|Any CPU.Build.0 = Debug|Any CPU
		{D6CE1580-CCD9-4075-A680-1D47E2FAFD3C}.Release|Any CPU.ActiveCfg = Release|Any CPU
		{D6CE1580-CCD9-4075-A680-1D47E2FAFD3C}.Release|Any CPU.Build.0 = Release|Any CPU
	EndGlobalSection
	GlobalSection(SolutionProperties) = preSolution
		HideSolutionNode = FALSE
	EndGlobalSection
	GlobalSection(ExtensibilityGlobals) = postSolution
		SolutionGuid = {EB65A191-2838-4132-BC2D-B7CDAE2AEA74}
	EndGlobalSection
EndGlobal
